
Microsoft Visual Studio Solution File, Format Version 12.00
# Visual Studio Version 17
VisualStudioVersion = 17.9.34607.119
MinimumVisualStudioVersion = 10.0.40219.1
Project("{FAE04EC0-301F-11D3-BF4B-00C04F79EFBC}") = "Using", "Using.csproj", "{5B20A195-64A0-48FF-8A0C-921D3552A355}"
EndProject
Global
	GlobalSection(SolutionConfigurationPlatforms) = preSolution
		Debug|Any CPU = Debug|Any CPU
		Release|Any CPU = Release|Any CPU
	EndGlobalSection
	GlobalSection(ProjectConfigurationPlatforms) = postSolution
		{5B20A195-64A0-48FF-8A0C-921D3552A355}.Debug|Any CPU.ActiveCfg = Debug|Any CPU
		{5B20A195-64A0-48FF-8A0C-921D3552A355}.Debug|Any CPU.Build.0 = Debug|Any CPU
		{5B20A195-64A0-48FF-8A0C-921D3552A355}.Release|Any CPU.ActiveCfg = Release|Any CPU
		{5B20A195-64A0-48FF-8A0C-921D3552A355}.Release|Any CPU.Build.0 = Release|Any CPU
	EndGlobalSection
	GlobalSection(SolutionProperties) = preSolution
		HideSolutionNode = FALSE
	EndGlobalSection
	GlobalSection(ExtensibilityGlobals) = postSolution
		SolutionGuid = {DEEAB0F3-309B-4720-ACEE-9C7DBEDA6D31}
	EndGlobalSection
EndGlobal
